// !$*UTF8*$!
{
	archiveVersion = 1;
	classes = {
	};
	objectVersion = 46;
	objects = {

/* Begin PBXBuildFile section */
		EF6DBBB816AAEBD500F10DE6 /* Foundation.framework in Frameworks */ = {isa = PBXBuildFile; fileRef = EF6DBBB716AAEBD500F10DE6 /* Foundation.framework */; };
		EF6DBBBB16AAEBD500F10DE6 /* main.m in Sources */ = {isa = PBXBuildFile; fileRef = EF6DBBBA16AAEBD500F10DE6 /* main.m */; };
		EF6DBBBF16AAEBD500F10DE6 /* AntAI.1 in CopyFiles */ = {isa = PBXBuildFile; fileRef = EF6DBBBE16AAEBD500F10DE6 /* AntAI.1 */; };
		EF6DBBC916AAEC3100F10DE6 /* AbstractSystemInputReader.m in Sources */ = {isa = PBXBuildFile; fileRef = EF6DBBC616AAEC3100F10DE6 /* AbstractSystemInputReader.m */; };
		EF6DBBCA16AAEC3100F10DE6 /* NSString+AI.m in Sources */ = {isa = PBXBuildFile; fileRef = EF6DBBC816AAEC3100F10DE6 /* NSString+AI.m */; };
		EF98584316AC7ACE00157505 /* Aim.m in Sources */ = {isa = PBXBuildFile; fileRef = EF98584216AC7ACE00157505 /* Aim.m */; };
		EF98584716AC824300157505 /* Order.m in Sources */ = {isa = PBXBuildFile; fileRef = EF98584616AC824300157505 /* Order.m */; };
		EF9EA7E216ABB59C00F18A4F /* Tile.m in Sources */ = {isa = PBXBuildFile; fileRef = EF9EA7E116ABB59C00F18A4F /* Tile.m */; };
		EF9EA83F16ABBB0100F18A4F /* Ants.m in Sources */ = {isa = PBXBuildFile; fileRef = EF9EA83E16ABBB0100F18A4F /* Ants.m */; };
		EFBF2F9A16AEC87D00295F2C /* Bot.m in Sources */ = {isa = PBXBuildFile; fileRef = EFBF2F9916AEC87D00295F2C /* Bot.m */; };
		EFBF2F9E16AECB7800295F2C /* MyBot.m in Sources */ = {isa = PBXBuildFile; fileRef = EFBF2F9D16AECB7800295F2C /* MyBot.m */; };
/* End PBXBuildFile section */

/* Begin PBXCopyFilesBuildPhase section */
		EF6DBBB116AAEBD500F10DE6 /* CopyFiles */ = {
			isa = PBXCopyFilesBuildPhase;
			buildActionMask = 2147483647;
			dstPath = /usr/share/man/man1/;
			dstSubfolderSpec = 0;
			files = (
				EF6DBBBF16AAEBD500F10DE6 /* AntAI.1 in CopyFiles */,
			);
			runOnlyForDeploymentPostprocessing = 1;
		};
/* End PBXCopyFilesBuildPhase section */

/* Begin PBXFileReference section */
		EF6DBBB316AAEBD500F10DE6 /* AntAI */ = {isa = PBXFileReference; explicitFileType = "compiled.mach-o.executable"; includeInIndex = 0; path = AntAI; sourceTree = BUILT_PRODUCTS_DIR; };
		EF6DBBB716AAEBD500F10DE6 /* Foundation.framework */ = {isa = PBXFileReference; lastKnownFileType = wrapper.framework; name = Foundation.framework; path = System/Library/Frameworks/Foundation.framework; sourceTree = SDKROOT; };
		EF6DBBBA16AAEBD500F10DE6 /* main.m */ = {isa = PBXFileReference; lastKnownFileType = sourcecode.c.objc; path = main.m; sourceTree = "<group>"; };
		EF6DBBBD16AAEBD500F10DE6 /* AntAI-Prefix.pch */ = {isa = PBXFileReference; lastKnownFileType = sourcecode.c.h; path = "AntAI-Prefix.pch"; sourceTree = "<group>"; };
		EF6DBBBE16AAEBD500F10DE6 /* AntAI.1 */ = {isa = PBXFileReference; lastKnownFileType = text.man; path = AntAI.1; sourceTree = "<group>"; };
		EF6DBBC516AAEC3100F10DE6 /* AbstractSystemInputReader.h */ = {isa = PBXFileReference; fileEncoding = 4; lastKnownFileType = sourcecode.c.h; path = AbstractSystemInputReader.h; sourceTree = "<group>"; };
		EF6DBBC616AAEC3100F10DE6 /* AbstractSystemInputReader.m */ = {isa = PBXFileReference; fileEncoding = 4; lastKnownFileType = sourcecode.c.objc; path = AbstractSystemInputReader.m; sourceTree = "<group>"; };
		EF6DBBC716AAEC3100F10DE6 /* NSString+AI.h */ = {isa = PBXFileReference; fileEncoding = 4; lastKnownFileType = sourcecode.c.h; path = "NSString+AI.h"; sourceTree = "<group>"; };
		EF6DBBC816AAEC3100F10DE6 /* NSString+AI.m */ = {isa = PBXFileReference; fileEncoding = 4; lastKnownFileType = sourcecode.c.objc; path = "NSString+AI.m"; sourceTree = "<group>"; };
		EF98584116AC7ACE00157505 /* Aim.h */ = {isa = PBXFileReference; fileEncoding = 4; lastKnownFileType = sourcecode.c.h; path = Aim.h; sourceTree = "<group>"; };
		EF98584216AC7ACE00157505 /* Aim.m */ = {isa = PBXFileReference; fileEncoding = 4; lastKnownFileType = sourcecode.c.objc; path = Aim.m; sourceTree = "<group>"; };
		EF98584516AC824300157505 /* Order.h */ = {isa = PBXFileReference; fileEncoding = 4; lastKnownFileType = sourcecode.c.h; path = Order.h; sourceTree = "<group>"; };
		EF98584616AC824300157505 /* Order.m */ = {isa = PBXFileReference; fileEncoding = 4; lastKnownFileType = sourcecode.c.objc; path = Order.m; sourceTree = "<group>"; };
		EF9EA7E016ABB59C00F18A4F /* Tile.h */ = {isa = PBXFileReference; fileEncoding = 4; lastKnownFileType = sourcecode.c.h; path = Tile.h; sourceTree = "<group>"; };
		EF9EA7E116ABB59C00F18A4F /* Tile.m */ = {isa = PBXFileReference; fileEncoding = 4; lastKnownFileType = sourcecode.c.objc; path = Tile.m; sourceTree = "<group>"; };
		EF9EA83D16ABBB0100F18A4F /* Ants.h */ = {isa = PBXFileReference; fileEncoding = 4; lastKnownFileType = sourcecode.c.h; path = Ants.h; sourceTree = "<group>"; };
		EF9EA83E16ABBB0100F18A4F /* Ants.m */ = {isa = PBXFileReference; fileEncoding = 4; lastKnownFileType = sourcecode.c.objc; path = Ants.m; sourceTree = "<group>"; };
		EFBF2F9816AEC87D00295F2C /* Bot.h */ = {isa = PBXFileReference; fileEncoding = 4; lastKnownFileType = sourcecode.c.h; path = Bot.h; sourceTree = "<group>"; };
		EFBF2F9916AEC87D00295F2C /* Bot.m */ = {isa = PBXFileReference; fileEncoding = 4; lastKnownFileType = sourcecode.c.objc; path = Bot.m; sourceTree = "<group>"; };
		EFBF2F9C16AECB7800295F2C /* MyBot.h */ = {isa = PBXFileReference; fileEncoding = 4; lastKnownFileType = sourcecode.c.h; path = MyBot.h; sourceTree = "<group>"; };
		EFBF2F9D16AECB7800295F2C /* MyBot.m */ = {isa = PBXFileReference; fileEncoding = 4; lastKnownFileType = sourcecode.c.objc; path = MyBot.m; sourceTree = "<group>"; };
/* End PBXFileReference section */

/* Begin PBXFrameworksBuildPhase section */
		EF6DBBB016AAEBD500F10DE6 /* Frameworks */ = {
			isa = PBXFrameworksBuildPhase;
			buildActionMask = 2147483647;
			files = (
				EF6DBBB816AAEBD500F10DE6 /* Foundation.framework in Frameworks */,
			);
			runOnlyForDeploymentPostprocessing = 0;
		};
/* End PBXFrameworksBuildPhase section */

/* Begin PBXGroup section */
		EF6DBBA816AAEBD500F10DE6 = {
			isa = PBXGroup;
			children = (
				EF6DBBB916AAEBD500F10DE6 /* AntAI */,
				EF6DBBB616AAEBD500F10DE6 /* Frameworks */,
				EF6DBBB416AAEBD500F10DE6 /* Products */,
			);
			sourceTree = "<group>";
		};
		EF6DBBB416AAEBD500F10DE6 /* Products */ = {
			isa = PBXGroup;
			children = (
				EF6DBBB316AAEBD500F10DE6 /* AntAI */,
			);
			name = Products;
			sourceTree = "<group>";
		};
		EF6DBBB616AAEBD500F10DE6 /* Frameworks */ = {
			isa = PBXGroup;
			children = (
				EF6DBBB716AAEBD500F10DE6 /* Foundation.framework */,
			);
			name = Frameworks;
			sourceTree = "<group>";
		};
		EF6DBBB916AAEBD500F10DE6 /* AntAI */ = {
			isa = PBXGroup;
			children = (
				EF6DBBC516AAEC3100F10DE6 /* AbstractSystemInputReader.h */,
				EF6DBBC616AAEC3100F10DE6 /* AbstractSystemInputReader.m */,
				EF6DBBC716AAEC3100F10DE6 /* NSString+AI.h */,
				EF6DBBC816AAEC3100F10DE6 /* NSString+AI.m */,
				EF6DBBBA16AAEBD500F10DE6 /* main.m */,
				EF6DBBBE16AAEBD500F10DE6 /* AntAI.1 */,
				EF6DBBBC16AAEBD500F10DE6 /* Supporting Files */,
				EF9EA7E016ABB59C00F18A4F /* Tile.h */,
				EF9EA7E116ABB59C00F18A4F /* Tile.m */,
				EF9EA83D16ABBB0100F18A4F /* Ants.h */,
				EF9EA83E16ABBB0100F18A4F /* Ants.m */,
				EF98584116AC7ACE00157505 /* Aim.h */,
				EF98584216AC7ACE00157505 /* Aim.m */,
				EF98584516AC824300157505 /* Order.h */,
				EF98584616AC824300157505 /* Order.m */,
				EFBF2F9816AEC87D00295F2C /* Bot.h */,
				EFBF2F9916AEC87D00295F2C /* Bot.m */,
				EFBF2F9C16AECB7800295F2C /* MyBot.h */,
				EFBF2F9D16AECB7800295F2C /* MyBot.m */,
			);
			path = AntAI;
			sourceTree = "<group>";
		};
		EF6DBBBC16AAEBD500F10DE6 /* Supporting Files */ = {
			isa = PBXGroup;
			children = (
				EF6DBBBD16AAEBD500F10DE6 /* AntAI-Prefix.pch */,
			);
			name = "Supporting Files";
			sourceTree = "<group>";
		};
/* End PBXGroup section */

/* Begin PBXNativeTarget section */
		EF6DBBB216AAEBD500F10DE6 /* AntAI */ = {
			isa = PBXNativeTarget;
			buildConfigurationList = EF6DBBC216AAEBD500F10DE6 /* Build configuration list for PBXNativeTarget "AntAI" */;
			buildPhases = (
				EF6DBBAF16AAEBD500F10DE6 /* Sources */,
				EF6DBBB016AAEBD500F10DE6 /* Frameworks */,
				EF6DBBB116AAEBD500F10DE6 /* CopyFiles */,
			);
			buildRules = (
			);
			dependencies = (
			);
			name = AntAI;
			productName = AntAI;
			productReference = EF6DBBB316AAEBD500F10DE6 /* AntAI */;
			productType = "com.apple.product-type.tool";
		};
/* End PBXNativeTarget section */

/* Begin PBXProject section */
		EF6DBBAA16AAEBD500F10DE6 /* Project object */ = {
			isa = PBXProject;
			attributes = {
				LastUpgradeCheck = 0450;
				ORGANIZATIONNAME = Thor;
			};
			buildConfigurationList = EF6DBBAD16AAEBD500F10DE6 /* Build configuration list for PBXProject "AntAI" */;
			compatibilityVersion = "Xcode 3.2";
			developmentRegion = English;
			hasScannedForEncodings = 0;
			knownRegions = (
				en,
			);
			mainGroup = EF6DBBA816AAEBD500F10DE6;
			productRefGroup = EF6DBBB416AAEBD500F10DE6 /* Products */;
			projectDirPath = "";
			projectRoot = "";
			targets = (
				EF6DBBB216AAEBD500F10DE6 /* AntAI */,
			);
		};
/* End PBXProject section */

/* Begin PBXSourcesBuildPhase section */
		EF6DBBAF16AAEBD500F10DE6 /* Sources */ = {
			isa = PBXSourcesBuildPhase;
			buildActionMask = 2147483647;
			files = (
				EF6DBBBB16AAEBD500F10DE6 /* main.m in Sources */,
				EF6DBBC916AAEC3100F10DE6 /* AbstractSystemInputReader.m in Sources */,
				EF6DBBCA16AAEC3100F10DE6 /* NSString+AI.m in Sources */,
				EF9EA7E216ABB59C00F18A4F /* Tile.m in Sources */,
				EF9EA83F16ABBB0100F18A4F /* Ants.m in Sources */,
				EF98584316AC7ACE00157505 /* Aim.m in Sources */,
				EF98584716AC824300157505 /* Order.m in Sources */,
				EFBF2F9A16AEC87D00295F2C /* Bot.m in Sources */,
				EFBF2F9E16AECB7800295F2C /* MyBot.m in Sources */,
			);
			runOnlyForDeploymentPostprocessing = 0;
		};
/* End PBXSourcesBuildPhase section */

/* Begin XCBuildConfiguration section */
		EF6DBBC016AAEBD500F10DE6 /* Debug */ = {
			isa = XCBuildConfiguration;
			buildSettings = {
				ALWAYS_SEARCH_USER_PATHS = NO;
				ARCHS = "$(ARCHS_STANDARD_64_BIT)";
				CLANG_CXX_LANGUAGE_STANDARD = "gnu++0x";
				CLANG_CXX_LIBRARY = "libc++";
				CLANG_ENABLE_OBJC_ARC = YES;
				CLANG_WARN_EMPTY_BODY = YES;
				CLANG_WARN__DUPLICATE_METHOD_MATCH = YES;
				COPY_PHASE_STRIP = NO;
				GCC_C_LANGUAGE_STANDARD = gnu99;
				GCC_DYNAMIC_NO_PIC = NO;
				GCC_ENABLE_OBJC_EXCEPTIONS = YES;
				GCC_OPTIMIZATION_LEVEL = 0;
				GCC_PREPROCESSOR_DEFINITIONS = (
					"DEBUG=1",
					"$(inherited)",
				);
				GCC_SYMBOLS_PRIVATE_EXTERN = NO;
				GCC_WARN_64_TO_32_BIT_CONVERSION = YES;
				GCC_WARN_ABOUT_RETURN_TYPE = YES;
				GCC_WARN_UNINITIALIZED_AUTOS = YES;
				GCC_WARN_UNUSED_VARIABLE = YES;
				MACOSX_DEPLOYMENT_TARGET = 10.8;
				ONLY_ACTIVE_ARCH = YES;
				SDKROOT = macosx;
			};
			name = Debug;
		};
		EF6DBBC116AAEBD500F10DE6 /* Release */ = {
			isa = XCBuildConfiguration;
			buildSettings = {
				ALWAYS_SEARCH_USER_PATHS = NO;
				ARCHS = "$(ARCHS_STANDARD_64_BIT)";
				CLANG_CXX_LANGUAGE_STANDARD = "gnu++0x";
				CLANG_CXX_LIBRARY = "libc++";
				CLANG_ENABLE_OBJC_ARC = YES;
				CLANG_WARN_EMPTY_BODY = YES;
				CLANG_WARN__DUPLICATE_METHOD_MATCH = YES;
				COPY_PHASE_STRIP = YES;
				DEBUG_INFORMATION_FORMAT = "dwarf-with-dsym";
				GCC_C_LANGUAGE_STANDARD = gnu99;
				GCC_ENABLE_OBJC_EXCEPTIONS = YES;
				GCC_WARN_64_TO_32_BIT_CONVERSION = YES;
				GCC_WARN_ABOUT_RETURN_TYPE = YES;
				GCC_WARN_UNINITIALIZED_AUTOS = YES;
				GCC_WARN_UNUSED_VARIABLE = YES;
				MACOSX_DEPLOYMENT_TARGET = 10.8;
				SDKROOT = macosx;
			};
			name = Release;
		};
		EF6DBBC316AAEBD500F10DE6 /* Debug */ = {
			isa = XCBuildConfiguration;
			buildSettings = {
				GCC_PRECOMPILE_PREFIX_HEADER = YES;
				GCC_PREFIX_HEADER = "AntAI/AntAI-Prefix.pch";
				PRODUCT_NAME = "$(TARGET_NAME)";
			};
			name = Debug;
		};
		EF6DBBC416AAEBD500F10DE6 /* Release */ = {
			isa = XCBuildConfiguration;
			buildSettings = {
				GCC_PRECOMPILE_PREFIX_HEADER = YES;
				GCC_PREFIX_HEADER = "AntAI/AntAI-Prefix.pch";
				PRODUCT_NAME = "$(TARGET_NAME)";
			};
			name = Release;
		};
/* End XCBuildConfiguration section */

/* Begin XCConfigurationList section */
		EF6DBBAD16AAEBD500F10DE6 /* Build configuration list for PBXProject "AntAI" */ = {
			isa = XCConfigurationList;
			buildConfigurations = (
				EF6DBBC016AAEBD500F10DE6 /* Debug */,
				EF6DBBC116AAEBD500F10DE6 /* Release */,
			);
			defaultConfigurationIsVisible = 0;
			defaultConfigurationName = Release;
		};
		EF6DBBC216AAEBD500F10DE6 /* Build configuration list for PBXNativeTarget "AntAI" */ = {
			isa = XCConfigurationList;
			buildConfigurations = (
				EF6DBBC316AAEBD500F10DE6 /* Debug */,
				EF6DBBC416AAEBD500F10DE6 /* Release */,
			);
			defaultConfigurationIsVisible = 0;
			defaultConfigurationName = Release;
		};
/* End XCConfigurationList section */
	};
	rootObject = EF6DBBAA16AAEBD500F10DE6 /* Project object */;
}
